
Microsoft Visual Studio Solution File, Format Version 12.00
Project("{FAE04EC0-301F-11D3-BF4B-00C04F79EFBC}") = "Chip_8", "Chip_8\Chip_8.csproj", "{CE85DA28-A9B2-4278-9975-0E5BD439EBA4}"
EndProject
Global
	GlobalSection(SolutionConfigurationPlatforms) = preSolution
		Debug|Any CPU = Debug|Any CPU
		Release|Any CPU = Release|Any CPU
	EndGlobalSection
	GlobalSection(ProjectConfigurationPlatforms) = postSolution
		{CE85DA28-A9B2-4278-9975-0E5BD439EBA4}.Debug|Any CPU.ActiveCfg = Debug|Any CPU
		{CE85DA28-A9B2-4278-9975-0E5BD439EBA4}.Debug|Any CPU.Build.0 = Debug|Any CPU
		{CE85DA28-A9B2-4278-9975-0E5BD439EBA4}.Release|Any CPU.ActiveCfg = Release|Any CPU
		{CE85DA28-A9B2-4278-9975-0E5BD439EBA4}.Release|Any CPU.Build.0 = Release|Any CPU
	EndGlobalSection
EndGlobal
