
Microsoft Visual Studio Solution File, Format Version 12.00
# Visual Studio Version 17
VisualStudioVersion = 17.14.36414.22 d17.14
MinimumVisualStudioVersion = 10.0.40219.1
Project("{FAE04EC0-301F-11D3-BF4B-00C04F79EFBC}") = "Chip_8", "Chip_8\Chip_8.csproj", "{F5491F8C-50C2-47F8-9919-98C4E56E4196}"
EndProject
Global
	GlobalSection(SolutionConfigurationPlatforms) = preSolution
		Debug|Any CPU = Debug|Any CPU
		Release|Any CPU = Release|Any CPU
	EndGlobalSection
	GlobalSection(ProjectConfigurationPlatforms) = postSolution
		{F5491F8C-50C2-47F8-9919-98C4E56E4196}.Debug|Any CPU.ActiveCfg = Debug|Any CPU
		{F5491F8C-50C2-47F8-9919-98C4E56E4196}.Debug|Any CPU.Build.0 = Debug|Any CPU
		{F5491F8C-50C2-47F8-9919-98C4E56E4196}.Release|Any CPU.ActiveCfg = Release|Any CPU
		{F5491F8C-50C2-47F8-9919-98C4E56E4196}.Release|Any CPU.Build.0 = Release|Any CPU
	EndGlobalSection
	GlobalSection(SolutionProperties) = preSolution
		HideSolutionNode = FALSE
	EndGlobalSection
	GlobalSection(ExtensibilityGlobals) = postSolution
		SolutionGuid = {9BF1DD41-51DA-4BA6-B482-9C1B57848C75}
	EndGlobalSection
EndGlobal
