Microsoft Visual Studio Solution File, Format Version 12.00
# Visual Studio Version 17
VisualStudioVersion = 17.5.2.0
MinimumVisualStudioVersion = 10.0.40219.1
Project("{FAE04EC0-301F-11D3-BF4B-00C04F79EFBC}") = "Chip_8", "Chip_8.csproj", "{8BB8176F-E97D-40B4-A47F-12076DC4EF03}"
EndProject
Global
	GlobalSection(SolutionConfigurationPlatforms) = preSolution
		Debug|Any CPU = Debug|Any CPU
		Release|Any CPU = Release|Any CPU
	EndGlobalSection
	GlobalSection(ProjectConfigurationPlatforms) = postSolution
		{8BB8176F-E97D-40B4-A47F-12076DC4EF03}.Debug|Any CPU.ActiveCfg = Debug|Any CPU
		{8BB8176F-E97D-40B4-A47F-12076DC4EF03}.Debug|Any CPU.Build.0 = Debug|Any CPU
		{8BB8176F-E97D-40B4-A47F-12076DC4EF03}.Release|Any CPU.ActiveCfg = Release|Any CPU
		{8BB8176F-E97D-40B4-A47F-12076DC4EF03}.Release|Any CPU.Build.0 = Release|Any CPU
	EndGlobalSection
	GlobalSection(SolutionProperties) = preSolution
		HideSolutionNode = FALSE
	EndGlobalSection
	GlobalSection(ExtensibilityGlobals) = postSolution
		SolutionGuid = {8D332D41-AB12-49AC-AA95-A19B75F1BD49}
	EndGlobalSection
EndGlobal
